
Microsoft Visual Studio Solution File, Format Version 12.00
# Visual Studio Version 17
VisualStudioVersion = 17.9.34728.123
MinimumVisualStudioVersion = 10.0.40219.1
Project("{FAE04EC0-301F-11D3-BF4B-00C04F79EFBC}") = "Uri1018", "Uri1018\Uri1018.csproj", "{FAF2C584-E2D1-443A-97EB-7257C81119B9}"
EndProject
Global
	GlobalSection(SolutionConfigurationPlatforms) = preSolution
		Debug|Any CPU = Debug|Any CPU
		Release|Any CPU = Release|Any CPU
	EndGlobalSection
	GlobalSection(ProjectConfigurationPlatforms) = postSolution
		{FAF2C584-E2D1-443A-97EB-7257C81119B9}.Debug|Any CPU.ActiveCfg = Debug|Any CPU
		{FAF2C584-E2D1-443A-97EB-7257C81119B9}.Debug|Any CPU.Build.0 = Debug|Any CPU
		{FAF2C584-E2D1-443A-97EB-7257C81119B9}.Release|Any CPU.ActiveCfg = Release|Any CPU
		{FAF2C584-E2D1-443A-97EB-7257C81119B9}.Release|Any CPU.Build.0 = Release|Any CPU
	EndGlobalSection
	GlobalSection(SolutionProperties) = preSolution
		HideSolutionNode = FALSE
	EndGlobalSection
	GlobalSection(ExtensibilityGlobals) = postSolution
		SolutionGuid = {F2FADD79-5394-4D99-B4A7-41F1E6246A60}
	EndGlobalSection
EndGlobal
