
Microsoft Visual Studio Solution File, Format Version 12.00
# Visual Studio Version 17
VisualStudioVersion = 17.9.34728.123
MinimumVisualStudioVersion = 10.0.40219.1
Project("{FAE04EC0-301F-11D3-BF4B-00C04F79EFBC}") = "Uri1035", "Uri1035\Uri1035.csproj", "{B1C952B0-ACE1-4A5F-9503-8C464AB4FC6B}"
EndProject
Global
	GlobalSection(SolutionConfigurationPlatforms) = preSolution
		Debug|Any CPU = Debug|Any CPU
		Release|Any CPU = Release|Any CPU
	EndGlobalSection
	GlobalSection(ProjectConfigurationPlatforms) = postSolution
		{B1C952B0-ACE1-4A5F-9503-8C464AB4FC6B}.Debug|Any CPU.ActiveCfg = Debug|Any CPU
		{B1C952B0-ACE1-4A5F-9503-8C464AB4FC6B}.Debug|Any CPU.Build.0 = Debug|Any CPU
		{B1C952B0-ACE1-4A5F-9503-8C464AB4FC6B}.Release|Any CPU.ActiveCfg = Release|Any CPU
		{B1C952B0-ACE1-4A5F-9503-8C464AB4FC6B}.Release|Any CPU.Build.0 = Release|Any CPU
	EndGlobalSection
	GlobalSection(SolutionProperties) = preSolution
		HideSolutionNode = FALSE
	EndGlobalSection
	GlobalSection(ExtensibilityGlobals) = postSolution
		SolutionGuid = {ECD2BB97-DEAE-46F7-B1A4-8A3ECAEC82FA}
	EndGlobalSection
EndGlobal
