
Microsoft Visual Studio Solution File, Format Version 12.00
# Visual Studio Version 17
VisualStudioVersion = 17.9.34728.123
MinimumVisualStudioVersion = 10.0.40219.1
Project("{FAE04EC0-301F-11D3-BF4B-00C04F79EFBC}") = "Uri1019", "Uri1019\Uri1019.csproj", "{1C46FBB0-5907-41B5-944D-B537292D303C}"
EndProject
Global
	GlobalSection(SolutionConfigurationPlatforms) = preSolution
		Debug|Any CPU = Debug|Any CPU
		Release|Any CPU = Release|Any CPU
	EndGlobalSection
	GlobalSection(ProjectConfigurationPlatforms) = postSolution
		{1C46FBB0-5907-41B5-944D-B537292D303C}.Debug|Any CPU.ActiveCfg = Debug|Any CPU
		{1C46FBB0-5907-41B5-944D-B537292D303C}.Debug|Any CPU.Build.0 = Debug|Any CPU
		{1C46FBB0-5907-41B5-944D-B537292D303C}.Release|Any CPU.ActiveCfg = Release|Any CPU
		{1C46FBB0-5907-41B5-944D-B537292D303C}.Release|Any CPU.Build.0 = Release|Any CPU
	EndGlobalSection
	GlobalSection(SolutionProperties) = preSolution
		HideSolutionNode = FALSE
	EndGlobalSection
	GlobalSection(ExtensibilityGlobals) = postSolution
		SolutionGuid = {7825B427-2279-4169-98A0-2872654179D8}
	EndGlobalSection
EndGlobal
