
Microsoft Visual Studio Solution File, Format Version 12.00
# Visual Studio Version 17
VisualStudioVersion = 17.9.34728.123
MinimumVisualStudioVersion = 10.0.40219.1
Project("{FAE04EC0-301F-11D3-BF4B-00C04F79EFBC}") = "Uri1045", "Uri1045\Uri1045.csproj", "{3536AB15-8F06-4BA2-B16D-E9CE5BD42E08}"
EndProject
Global
	GlobalSection(SolutionConfigurationPlatforms) = preSolution
		Debug|Any CPU = Debug|Any CPU
		Release|Any CPU = Release|Any CPU
	EndGlobalSection
	GlobalSection(ProjectConfigurationPlatforms) = postSolution
		{3536AB15-8F06-4BA2-B16D-E9CE5BD42E08}.Debug|Any CPU.ActiveCfg = Debug|Any CPU
		{3536AB15-8F06-4BA2-B16D-E9CE5BD42E08}.Debug|Any CPU.Build.0 = Debug|Any CPU
		{3536AB15-8F06-4BA2-B16D-E9CE5BD42E08}.Release|Any CPU.ActiveCfg = Release|Any CPU
		{3536AB15-8F06-4BA2-B16D-E9CE5BD42E08}.Release|Any CPU.Build.0 = Release|Any CPU
	EndGlobalSection
	GlobalSection(SolutionProperties) = preSolution
		HideSolutionNode = FALSE
	EndGlobalSection
	GlobalSection(ExtensibilityGlobals) = postSolution
		SolutionGuid = {9D6564DA-02C7-46EC-ADED-C2C29F6ACC7C}
	EndGlobalSection
EndGlobal
