
Microsoft Visual Studio Solution File, Format Version 12.00
# Visual Studio Version 17
VisualStudioVersion = 17.9.34728.123
MinimumVisualStudioVersion = 10.0.40219.1
Project("{FAE04EC0-301F-11D3-BF4B-00C04F79EFBC}") = "Uri1154", "Uri1154\Uri1154.csproj", "{C9F70EF0-262B-4BD3-9E52-E7B1D2E21ADB}"
EndProject
Global
	GlobalSection(SolutionConfigurationPlatforms) = preSolution
		Debug|Any CPU = Debug|Any CPU
		Release|Any CPU = Release|Any CPU
	EndGlobalSection
	GlobalSection(ProjectConfigurationPlatforms) = postSolution
		{C9F70EF0-262B-4BD3-9E52-E7B1D2E21ADB}.Debug|Any CPU.ActiveCfg = Debug|Any CPU
		{C9F70EF0-262B-4BD3-9E52-E7B1D2E21ADB}.Debug|Any CPU.Build.0 = Debug|Any CPU
		{C9F70EF0-262B-4BD3-9E52-E7B1D2E21ADB}.Release|Any CPU.ActiveCfg = Release|Any CPU
		{C9F70EF0-262B-4BD3-9E52-E7B1D2E21ADB}.Release|Any CPU.Build.0 = Release|Any CPU
	EndGlobalSection
	GlobalSection(SolutionProperties) = preSolution
		HideSolutionNode = FALSE
	EndGlobalSection
	GlobalSection(ExtensibilityGlobals) = postSolution
		SolutionGuid = {5813611B-CCDA-4C1A-8D02-0FA4C857F29F}
	EndGlobalSection
EndGlobal
