
Microsoft Visual Studio Solution File, Format Version 12.00
# Visual Studio Version 17
VisualStudioVersion = 17.9.34728.123
MinimumVisualStudioVersion = 10.0.40219.1
Project("{FAE04EC0-301F-11D3-BF4B-00C04F79EFBC}") = "Uri1014", "Uri1014\Uri1014.csproj", "{77473BFC-06A0-4C1F-A880-F299A3907EAA}"
EndProject
Global
	GlobalSection(SolutionConfigurationPlatforms) = preSolution
		Debug|Any CPU = Debug|Any CPU
		Release|Any CPU = Release|Any CPU
	EndGlobalSection
	GlobalSection(ProjectConfigurationPlatforms) = postSolution
		{77473BFC-06A0-4C1F-A880-F299A3907EAA}.Debug|Any CPU.ActiveCfg = Debug|Any CPU
		{77473BFC-06A0-4C1F-A880-F299A3907EAA}.Debug|Any CPU.Build.0 = Debug|Any CPU
		{77473BFC-06A0-4C1F-A880-F299A3907EAA}.Release|Any CPU.ActiveCfg = Release|Any CPU
		{77473BFC-06A0-4C1F-A880-F299A3907EAA}.Release|Any CPU.Build.0 = Release|Any CPU
	EndGlobalSection
	GlobalSection(SolutionProperties) = preSolution
		HideSolutionNode = FALSE
	EndGlobalSection
	GlobalSection(ExtensibilityGlobals) = postSolution
		SolutionGuid = {2293614F-5B1D-4CCC-BEAA-30F07688DB44}
	EndGlobalSection
EndGlobal
